// !$*UTF8*$!
{
	archiveVersion = 1;
	classes = {
	};
	objectVersion = 55;
	objects = {

/* Begin PBXBuildFile section */
		63F4492F28AC1E570093565E /* AppDelegate.swift in Sources */ = {isa = PBXBuildFile; fileRef = 63F4492E28AC1E570093565E /* AppDelegate.swift */; };
		63F4493128AC1E570093565E /* SceneDelegate.swift in Sources */ = {isa = PBXBuildFile; fileRef = 63F4493028AC1E570093565E /* SceneDelegate.swift */; };
		63F4493328AC1E570093565E /* ViewController.swift in Sources */ = {isa = PBXBuildFile; fileRef = 63F4493228AC1E570093565E /* ViewController.swift */; };
		63F4493628AC1E570093565E /* Main.storyboard in Resources */ = {isa = PBXBuildFile; fileRef = 63F4493428AC1E570093565E /* Main.storyboard */; };
		63F4493828AC1E5A0093565E /* Assets.xcassets in Resources */ = {isa = PBXBuildFile; fileRef = 63F4493728AC1E5A0093565E /* Assets.xcassets */; };
		63F4493B28AC1E5A0093565E /* LaunchScreen.storyboard in Resources */ = {isa = PBXBuildFile; fileRef = 63F4493928AC1E5A0093565E /* LaunchScreen.storyboard */; };
		63F4494628AC1E5A0093565E /* HamiltonTaskTests.swift in Sources */ = {isa = PBXBuildFile; fileRef = 63F4494528AC1E5A0093565E /* HamiltonTaskTests.swift */; };
		63F4495028AC1E5A0093565E /* HamiltonTaskUITests.swift in Sources */ = {isa = PBXBuildFile; fileRef = 63F4494F28AC1E5A0093565E /* HamiltonTaskUITests.swift */; };
		63F4495228AC1E5A0093565E /* HamiltonTaskUITestsLaunchTests.swift in Sources */ = {isa = PBXBuildFile; fileRef = 63F4495128AC1E5A0093565E /* HamiltonTaskUITestsLaunchTests.swift */; };
/* End PBXBuildFile section */

/* Begin PBXContainerItemProxy section */
		63F4494228AC1E5A0093565E /* PBXContainerItemProxy */ = {
			isa = PBXContainerItemProxy;
			containerPortal = 63F4492328AC1E570093565E /* Project object */;
			proxyType = 1;
			remoteGlobalIDString = 63F4492A28AC1E570093565E;
			remoteInfo = HamiltonTask;
		};
		63F4494C28AC1E5A0093565E /* PBXContainerItemProxy */ = {
			isa = PBXContainerItemProxy;
			containerPortal = 63F4492328AC1E570093565E /* Project object */;
			proxyType = 1;
			remoteGlobalIDString = 63F4492A28AC1E570093565E;
			remoteInfo = HamiltonTask;
		};
/* End PBXContainerItemProxy section */

/* Begin PBXFileReference section */
		63F4492B28AC1E570093565E /* HamiltonTask.app */ = {isa = PBXFileReference; explicitFileType = wrapper.application; includeInIndex = 0; path = HamiltonTask.app; sourceTree = BUILT_PRODUCTS_DIR; };
		63F4492E28AC1E570093565E /* AppDelegate.swift */ = {isa = PBXFileReference; lastKnownFileType = sourcecode.swift; path = AppDelegate.swift; sourceTree = "<group>"; };
		63F4493028AC1E570093565E /* SceneDelegate.swift */ = {isa = PBXFileReference; lastKnownFileType = sourcecode.swift; path = SceneDelegate.swift; sourceTree = "<group>"; };
		63F4493228AC1E570093565E /* ViewController.swift */ = {isa = PBXFileReference; lastKnownFileType = sourcecode.swift; path = ViewController.swift; sourceTree = "<group>"; };
		63F4493528AC1E570093565E /* Base */ = {isa = PBXFileReference; lastKnownFileType = file.storyboard; name = Base; path = Base.lproj/Main.storyboard; sourceTree = "<group>"; };
		63F4493728AC1E5A0093565E /* Assets.xcassets */ = {isa = PBXFileReference; lastKnownFileType = folder.assetcatalog; path = Assets.xcassets; sourceTree = "<group>"; };
		63F4493A28AC1E5A0093565E /* Base */ = {isa = PBXFileReference; lastKnownFileType = file.storyboard; name = Base; path = Base.lproj/LaunchScreen.storyboard; sourceTree = "<group>"; };
		63F4493C28AC1E5A0093565E /* Info.plist */ = {isa = PBXFileReference; lastKnownFileType = text.plist.xml; path = Info.plist; sourceTree = "<group>"; };
		63F4494128AC1E5A0093565E /* HamiltonTaskTests.xctest */ = {isa = PBXFileReference; explicitFileType = wrapper.cfbundle; includeInIndex = 0; path = HamiltonTaskTests.xctest; sourceTree = BUILT_PRODUCTS_DIR; };
		63F4494528AC1E5A0093565E /* HamiltonTaskTests.swift */ = {isa = PBXFileReference; lastKnownFileType = sourcecode.swift; path = HamiltonTaskTests.swift; sourceTree = "<group>"; };
		63F4494B28AC1E5A0093565E /* HamiltonTaskUITests.xctest */ = {isa = PBXFileReference; explicitFileType = wrapper.cfbundle; includeInIndex = 0; path = HamiltonTaskUITests.xctest; sourceTree = BUILT_PRODUCTS_DIR; };
		63F4494F28AC1E5A0093565E /* HamiltonTaskUITests.swift */ = {isa = PBXFileReference; lastKnownFileType = sourcecode.swift; path = HamiltonTaskUITests.swift; sourceTree = "<group>"; };
		63F4495128AC1E5A0093565E /* HamiltonTaskUITestsLaunchTests.swift */ = {isa = PBXFileReference; lastKnownFileType = sourcecode.swift; path = HamiltonTaskUITestsLaunchTests.swift; sourceTree = "<group>"; };
/* End PBXFileReference section */

/* Begin PBXFrameworksBuildPhase section */
		63F4492828AC1E570093565E /* Frameworks */ = {
			isa = PBXFrameworksBuildPhase;
			buildActionMask = 2147483647;
			files = (
			);
			runOnlyForDeploymentPostprocessing = 0;
		};
		63F4493E28AC1E5A0093565E /* Frameworks */ = {
			isa = PBXFrameworksBuildPhase;
			buildActionMask = 2147483647;
			files = (
			);
			runOnlyForDeploymentPostprocessing = 0;
		};
		63F4494828AC1E5A0093565E /* Frameworks */ = {
			isa = PBXFrameworksBuildPhase;
			buildActionMask = 2147483647;
			files = (
			);
			runOnlyForDeploymentPostprocessing = 0;
		};
/* End PBXFrameworksBuildPhase section */

/* Begin PBXGroup section */
		63F4492228AC1E570093565E = {
			isa = PBXGroup;
			children = (
				63F4492D28AC1E570093565E /* HamiltonTask */,
				63F4494428AC1E5A0093565E /* HamiltonTaskTests */,
				63F4494E28AC1E5A0093565E /* HamiltonTaskUITests */,
				63F4492C28AC1E570093565E /* Products */,
			);
			sourceTree = "<group>";
		};
		63F4492C28AC1E570093565E /* Products */ = {
			isa = PBXGroup;
			children = (
				63F4492B28AC1E570093565E /* HamiltonTask.app */,
				63F4494128AC1E5A0093565E /* HamiltonTaskTests.xctest */,
				63F4494B28AC1E5A0093565E /* HamiltonTaskUITests.xctest */,
			);
			name = Products;
			sourceTree = "<group>";
		};
		63F4492D28AC1E570093565E /* HamiltonTask */ = {
			isa = PBXGroup;
			children = (
				63F4492E28AC1E570093565E /* AppDelegate.swift */,
				63F4493028AC1E570093565E /* SceneDelegate.swift */,
				63F4493228AC1E570093565E /* ViewController.swift */,
				63F4493428AC1E570093565E /* Main.storyboard */,
				63F4493728AC1E5A0093565E /* Assets.xcassets */,
				63F4493928AC1E5A0093565E /* LaunchScreen.storyboard */,
				63F4493C28AC1E5A0093565E /* Info.plist */,
			);
			path = HamiltonTask;
			sourceTree = "<group>";
		};
		63F4494428AC1E5A0093565E /* HamiltonTaskTests */ = {
			isa = PBXGroup;
			children = (
				63F4494528AC1E5A0093565E /* HamiltonTaskTests.swift */,
			);
			path = HamiltonTaskTests;
			sourceTree = "<group>";
		};
		63F4494E28AC1E5A0093565E /* HamiltonTaskUITests */ = {
			isa = PBXGroup;
			children = (
				63F4494F28AC1E5A0093565E /* HamiltonTaskUITests.swift */,
				63F4495128AC1E5A0093565E /* HamiltonTaskUITestsLaunchTests.swift */,
			);
			path = HamiltonTaskUITests;
			sourceTree = "<group>";
		};
/* End PBXGroup section */

/* Begin PBXNativeTarget section */
		63F4492A28AC1E570093565E /* HamiltonTask */ = {
			isa = PBXNativeTarget;
			buildConfigurationList = 63F4495528AC1E5A0093565E /* Build configuration list for PBXNativeTarget "HamiltonTask" */;
			buildPhases = (
				63F4492728AC1E570093565E /* Sources */,
				63F4492828AC1E570093565E /* Frameworks */,
				63F4492928AC1E570093565E /* Resources */,
			);
			buildRules = (
			);
			dependencies = (
			);
			name = HamiltonTask;
			productName = HamiltonTask;
			productReference = 63F4492B28AC1E570093565E /* HamiltonTask.app */;
			productType = "com.apple.product-type.application";
		};
		63F4494028AC1E5A0093565E /* HamiltonTaskTests */ = {
			isa = PBXNativeTarget;
			buildConfigurationList = 63F4495828AC1E5A0093565E /* Build configuration list for PBXNativeTarget "HamiltonTaskTests" */;
			buildPhases = (
				63F4493D28AC1E5A0093565E /* Sources */,
				63F4493E28AC1E5A0093565E /* Frameworks */,
				63F4493F28AC1E5A0093565E /* Resources */,
			);
			buildRules = (
			);
			dependencies = (
				63F4494328AC1E5A0093565E /* PBXTargetDependency */,
			);
			name = HamiltonTaskTests;
			productName = HamiltonTaskTests;
			productReference = 63F4494128AC1E5A0093565E /* HamiltonTaskTests.xctest */;
			productType = "com.apple.product-type.bundle.unit-test";
		};
		63F4494A28AC1E5A0093565E /* HamiltonTaskUITests */ = {
			isa = PBXNativeTarget;
			buildConfigurationList = 63F4495B28AC1E5A0093565E /* Build configuration list for PBXNativeTarget "HamiltonTaskUITests" */;
			buildPhases = (
				63F4494728AC1E5A0093565E /* Sources */,
				63F4494828AC1E5A0093565E /* Frameworks */,
				63F4494928AC1E5A0093565E /* Resources */,
			);
			buildRules = (
			);
			dependencies = (
				63F4494D28AC1E5A0093565E /* PBXTargetDependency */,
			);
			name = HamiltonTaskUITests;
			productName = HamiltonTaskUITests;
			productReference = 63F4494B28AC1E5A0093565E /* HamiltonTaskUITests.xctest */;
			productType = "com.apple.product-type.bundle.ui-testing";
		};
/* End PBXNativeTarget section */

/* Begin PBXProject section */
		63F4492328AC1E570093565E /* Project object */ = {
			isa = PBXProject;
			attributes = {
				BuildIndependentTargetsInParallel = 1;
				LastSwiftUpdateCheck = 1340;
				LastUpgradeCheck = 1340;
				TargetAttributes = {
					63F4492A28AC1E570093565E = {
						CreatedOnToolsVersion = 13.4.1;
					};
					63F4494028AC1E5A0093565E = {
						CreatedOnToolsVersion = 13.4.1;
						TestTargetID = 63F4492A28AC1E570093565E;
					};
					63F4494A28AC1E5A0093565E = {
						CreatedOnToolsVersion = 13.4.1;
						TestTargetID = 63F4492A28AC1E570093565E;
					};
				};
			};
			buildConfigurationList = 63F4492628AC1E570093565E /* Build configuration list for PBXProject "HamiltonTask" */;
			compatibilityVersion = "Xcode 13.0";
			developmentRegion = en;
			hasScannedForEncodings = 0;
			knownRegions = (
				en,
				Base,
			);
			mainGroup = 63F4492228AC1E570093565E;
			productRefGroup = 63F4492C28AC1E570093565E /* Products */;
			projectDirPath = "";
			projectRoot = "";
			targets = (
				63F4492A28AC1E570093565E /* HamiltonTask */,
				63F4494028AC1E5A0093565E /* HamiltonTaskTests */,
				63F4494A28AC1E5A0093565E /* HamiltonTaskUITests */,
			);
		};
/* End PBXProject section */

/* Begin PBXResourcesBuildPhase section */
		63F4492928AC1E570093565E /* Resources */ = {
			isa = PBXResourcesBuildPhase;
			buildActionMask = 2147483647;
			files = (
				63F4493B28AC1E5A0093565E /* LaunchScreen.storyboard in Resources */,
				63F4493828AC1E5A0093565E /* Assets.xcassets in Resources */,
				63F4493628AC1E570093565E /* Main.storyboard in Resources */,
			);
			runOnlyForDeploymentPostprocessing = 0;
		};
		63F4493F28AC1E5A0093565E /* Resources */ = {
			isa = PBXResourcesBuildPhase;
			buildActionMask = 2147483647;
			files = (
			);
			runOnlyForDeploymentPostprocessing = 0;
		};
		63F4494928AC1E5A0093565E /* Resources */ = {
			isa = PBXResourcesBuildPhase;
			buildActionMask = 2147483647;
			files = (
			);
			runOnlyForDeploymentPostprocessing = 0;
		};
/* End PBXResourcesBuildPhase section */

/* Begin PBXSourcesBuildPhase section */
		63F4492728AC1E570093565E /* Sources */ = {
			isa = PBXSourcesBuildPhase;
			buildActionMask = 2147483647;
			files = (
				63F4493328AC1E570093565E /* ViewController.swift in Sources */,
				63F4492F28AC1E570093565E /* AppDelegate.swift in Sources */,
				63F4493128AC1E570093565E /* SceneDelegate.swift in Sources */,
			);
			runOnlyForDeploymentPostprocessing = 0;
		};
		63F4493D28AC1E5A0093565E /* Sources */ = {
			isa = PBXSourcesBuildPhase;
			buildActionMask = 2147483647;
			files = (
				63F4494628AC1E5A0093565E /* HamiltonTaskTests.swift in Sources */,
			);
			runOnlyForDeploymentPostprocessing = 0;
		};
		63F4494728AC1E5A0093565E /* Sources */ = {
			isa = PBXSourcesBuildPhase;
			buildActionMask = 2147483647;
			files = (
				63F4495028AC1E5A0093565E /* HamiltonTaskUITests.swift in Sources */,
				63F4495228AC1E5A0093565E /* HamiltonTaskUITestsLaunchTests.swift in Sources */,
			);
			runOnlyForDeploymentPostprocessing = 0;
		};
/* End PBXSourcesBuildPhase section */

/* Begin PBXTargetDependency section */
		63F4494328AC1E5A0093565E /* PBXTargetDependency */ = {
			isa = PBXTargetDependency;
			target = 63F4492A28AC1E570093565E /* HamiltonTask */;
			targetProxy = 63F4494228AC1E5A0093565E /* PBXContainerItemProxy */;
		};
		63F4494D28AC1E5A0093565E /* PBXTargetDependency */ = {
			isa = PBXTargetDependency;
			target = 63F4492A28AC1E570093565E /* HamiltonTask */;
			targetProxy = 63F4494C28AC1E5A0093565E /* PBXContainerItemProxy */;
		};
/* End PBXTargetDependency section */

/* Begin PBXVariantGroup section */
		63F4493428AC1E570093565E /* Main.storyboard */ = {
			isa = PBXVariantGroup;
			children = (
				63F4493528AC1E570093565E /* Base */,
			);
			name = Main.storyboard;
			sourceTree = "<group>";
		};
		63F4493928AC1E5A0093565E /* LaunchScreen.storyboard */ = {
			isa = PBXVariantGroup;
			children = (
				63F4493A28AC1E5A0093565E /* Base */,
			);
			name = LaunchScreen.storyboard;
			sourceTree = "<group>";
		};
/* End PBXVariantGroup section */

/* Begin XCBuildConfiguration section */
		63F4495328AC1E5A0093565E /* Debug */ = {
			isa = XCBuildConfiguration;
			buildSettings = {
				ALWAYS_SEARCH_USER_PATHS = NO;
				CLANG_ANALYZER_NONNULL = YES;
				CLANG_ANALYZER_NUMBER_OBJECT_CONVERSION = YES_AGGRESSIVE;
				CLANG_CXX_LANGUAGE_STANDARD = "gnu++17";
				CLANG_ENABLE_MODULES = YES;
				CLANG_ENABLE_OBJC_ARC = YES;
				CLANG_ENABLE_OBJC_WEAK = YES;
				CLANG_WARN_BLOCK_CAPTURE_AUTORELEASING = YES;
				CLANG_WARN_BOOL_CONVERSION = YES;
				CLANG_WARN_COMMA = YES;
				CLANG_WARN_CONSTANT_CONVERSION = YES;
				CLANG_WARN_DEPRECATED_OBJC_IMPLEMENTATIONS = YES;
				CLANG_WARN_DIRECT_OBJC_ISA_USAGE = YES_ERROR;
				CLANG_WARN_DOCUMENTATION_COMMENTS = YES;
				CLANG_WARN_EMPTY_BODY = YES;
				CLANG_WARN_ENUM_CONVERSION = YES;
				CLANG_WARN_INFINITE_RECURSION = YES;
				CLANG_WARN_INT_CONVERSION = YES;
				CLANG_WARN_NON_LITERAL_NULL_CONVERSION = YES;
				CLANG_WARN_OBJC_IMPLICIT_RETAIN_SELF = YES;
				CLANG_WARN_OBJC_LITERAL_CONVERSION = YES;
				CLANG_WARN_OBJC_ROOT_CLASS = YES_ERROR;
				CLANG_WARN_QUOTED_INCLUDE_IN_FRAMEWORK_HEADER = YES;
				CLANG_WARN_RANGE_LOOP_ANALYSIS = YES;
				CLANG_WARN_STRICT_PROTOTYPES = YES;
				CLANG_WARN_SUSPICIOUS_MOVE = YES;
				CLANG_WARN_UNGUARDED_AVAILABILITY = YES_AGGRESSIVE;
				CLANG_WARN_UNREACHABLE_CODE = YES;
				CLANG_WARN__DUPLICATE_METHOD_MATCH = YES;
				COPY_PHASE_STRIP = NO;
				DEBUG_INFORMATION_FORMAT = dwarf;
				ENABLE_STRICT_OBJC_MSGSEND = YES;
				ENABLE_TESTABILITY = YES;
				GCC_C_LANGUAGE_STANDARD = gnu11;
				GCC_DYNAMIC_NO_PIC = NO;
				GCC_NO_COMMON_BLOCKS = YES;
				GCC_OPTIMIZATION_LEVEL = 0;
				GCC_PREPROCESSOR_DEFINITIONS = (
					"DEBUG=1",
					"$(inherited)",
				);
				GCC_WARN_64_TO_32_BIT_CONVERSION = YES;
				GCC_WARN_ABOUT_RETURN_TYPE = YES_ERROR;
				GCC_WARN_UNDECLARED_SELECTOR = YES;
				GCC_WARN_UNINITIALIZED_AUTOS = YES_AGGRESSIVE;
				GCC_WARN_UNUSED_FUNCTION = YES;
				GCC_WARN_UNUSED_VARIABLE = YES;
				IPHONEOS_DEPLOYMENT_TARGET = 15.5;
				MTL_ENABLE_DEBUG_INFO = INCLUDE_SOURCE;
				MTL_FAST_MATH = YES;
				ONLY_ACTIVE_ARCH = YES;
				SDKROOT = iphoneos;
				SWIFT_ACTIVE_COMPILATION_CONDITIONS = DEBUG;
				SWIFT_OPTIMIZATION_LEVEL = "-Onone";
			};
			name = Debug;
		};
		63F4495428AC1E5A0093565E /* Release */ = {
			isa = XCBuildConfiguration;
			buildSettings = {
				ALWAYS_SEARCH_USER_PATHS = NO;
				CLANG_ANALYZER_NONNULL = YES;
				CLANG_ANALYZER_NUMBER_OBJECT_CONVERSION = YES_AGGRESSIVE;
				CLANG_CXX_LANGUAGE_STANDARD = "gnu++17";
				CLANG_ENABLE_MODULES = YES;
				CLANG_ENABLE_OBJC_ARC = YES;
				CLANG_ENABLE_OBJC_WEAK = YES;
				CLANG_WARN_BLOCK_CAPTURE_AUTORELEASING = YES;
				CLANG_WARN_BOOL_CONVERSION = YES;
				CLANG_WARN_COMMA = YES;
				CLANG_WARN_CONSTANT_CONVERSION = YES;
				CLANG_WARN_DEPRECATED_OBJC_IMPLEMENTATIONS = YES;
				CLANG_WARN_DIRECT_OBJC_ISA_USAGE = YES_ERROR;
				CLANG_WARN_DOCUMENTATION_COMMENTS = YES;
				CLANG_WARN_EMPTY_BODY = YES;
				CLANG_WARN_ENUM_CONVERSION = YES;
				CLANG_WARN_INFINITE_RECURSION = YES;
				CLANG_WARN_INT_CONVERSION = YES;
				CLANG_WARN_NON_LITERAL_NULL_CONVERSION = YES;
				CLANG_WARN_OBJC_IMPLICIT_RETAIN_SELF = YES;
				CLANG_WARN_OBJC_LITERAL_CONVERSION = YES;
				CLANG_WARN_OBJC_ROOT_CLASS = YES_ERROR;
				CLANG_WARN_QUOTED_INCLUDE_IN_FRAMEWORK_HEADER = YES;
				CLANG_WARN_RANGE_LOOP_ANALYSIS = YES;
				CLANG_WARN_STRICT_PROTOTYPES = YES;
				CLANG_WARN_SUSPICIOUS_MOVE = YES;
				CLANG_WARN_UNGUARDED_AVAILABILITY = YES_AGGRESSIVE;
				CLANG_WARN_UNREACHABLE_CODE = YES;
				CLANG_WARN__DUPLICATE_METHOD_MATCH = YES;
				COPY_PHASE_STRIP = NO;
				DEBUG_INFORMATION_FORMAT = "dwarf-with-dsym";
				ENABLE_NS_ASSERTIONS = NO;
				ENABLE_STRICT_OBJC_MSGSEND = YES;
				GCC_C_LANGUAGE_STANDARD = gnu11;
				GCC_NO_COMMON_BLOCKS = YES;
				GCC_WARN_64_TO_32_BIT_CONVERSION = YES;
				GCC_WARN_ABOUT_RETURN_TYPE = YES_ERROR;
				GCC_WARN_UNDECLARED_SELECTOR = YES;
				GCC_WARN_UNINITIALIZED_AUTOS = YES_AGGRESSIVE;
				GCC_WARN_UNUSED_FUNCTION = YES;
				GCC_WARN_UNUSED_VARIABLE = YES;
				IPHONEOS_DEPLOYMENT_TARGET = 15.5;
				MTL_ENABLE_DEBUG_INFO = NO;
				MTL_FAST_MATH = YES;
				SDKROOT = iphoneos;
				SWIFT_COMPILATION_MODE = wholemodule;
				SWIFT_OPTIMIZATION_LEVEL = "-O";
				VALIDATE_PRODUCT = YES;
			};
			name = Release;
		};
		63F4495628AC1E5A0093565E /* Debug */ = {
			isa = XCBuildConfiguration;
			buildSettings = {
				ASSETCATALOG_COMPILER_APPICON_NAME = AppIcon;
				ASSETCATALOG_COMPILER_GLOBAL_ACCENT_COLOR_NAME = AccentColor;
				CODE_SIGN_STYLE = Automatic;
				CURRENT_PROJECT_VERSION = 1;
				DEVELOPMENT_TEAM = KUVY9QWFWS;
				GENERATE_INFOPLIST_FILE = YES;
				INFOPLIST_FILE = HamiltonTask/Info.plist;
				INFOPLIST_KEY_UIApplicationSupportsIndirectInputEvents = YES;
				INFOPLIST_KEY_UILaunchStoryboardName = LaunchScreen;
				INFOPLIST_KEY_UIMainStoryboardFile = Main;
				INFOPLIST_KEY_UISupportedInterfaceOrientations_iPad = "UIInterfaceOrientationPortrait UIInterfaceOrientationPortraitUpsideDown UIInterfaceOrientationLandscapeLeft UIInterfaceOrientationLandscapeRight";
				INFOPLIST_KEY_UISupportedInterfaceOrientations_iPhone = "UIInterfaceOrientationPortrait UIInterfaceOrientationLandscapeLeft UIInterfaceOrientationLandscapeRight";
				LD_RUNPATH_SEARCH_PATHS = (
					"$(inherited)",
					"@executable_path/Frameworks",
				);
				MARKETING_VERSION = 1.0;
				PRODUCT_BUNDLE_IDENTIFIER = Education.HamiltonTask;
				PRODUCT_NAME = "$(TARGET_NAME)";
				SWIFT_EMIT_LOC_STRINGS = YES;
				SWIFT_VERSION = 5.0;
				TARGETED_DEVICE_FAMILY = "1,2";
			};
			name = Debug;
		};
		63F4495728AC1E5A0093565E /* Release */ = {
			isa = XCBuildConfiguration;
			buildSettings = {
				ASSETCATALOG_COMPILER_APPICON_NAME = AppIcon;
				ASSETCATALOG_COMPILER_GLOBAL_ACCENT_COLOR_NAME = AccentColor;
				CODE_SIGN_STYLE = Automatic;
				CURRENT_PROJECT_VERSION = 1;
				DEVELOPMENT_TEAM = KUVY9QWFWS;
				GENERATE_INFOPLIST_FILE = YES;
				INFOPLIST_FILE = HamiltonTask/Info.plist;
				INFOPLIST_KEY_UIApplicationSupportsIndirectInputEvents = YES;
				INFOPLIST_KEY_UILaunchStoryboardName = LaunchScreen;
				INFOPLIST_KEY_UIMainStoryboardFile = Main;
				INFOPLIST_KEY_UISupportedInterfaceOrientations_iPad = "UIInterfaceOrientationPortrait UIInterfaceOrientationPortraitUpsideDown UIInterfaceOrientationLandscapeLeft UIInterfaceOrientationLandscapeRight";
				INFOPLIST_KEY_UISupportedInterfaceOrientations_iPhone = "UIInterfaceOrientationPortrait UIInterfaceOrientationLandscapeLeft UIInterfaceOrientationLandscapeRight";
				LD_RUNPATH_SEARCH_PATHS = (
					"$(inherited)",
					"@executable_path/Frameworks",
				);
				MARKETING_VERSION = 1.0;
				PRODUCT_BUNDLE_IDENTIFIER = Education.HamiltonTask;
				PRODUCT_NAME = "$(TARGET_NAME)";
				SWIFT_EMIT_LOC_STRINGS = YES;
				SWIFT_VERSION = 5.0;
				TARGETED_DEVICE_FAMILY = "1,2";
			};
			name = Release;
		};
		63F4495928AC1E5A0093565E /* Debug */ = {
			isa = XCBuildConfiguration;
			buildSettings = {
				ALWAYS_EMBED_SWIFT_STANDARD_LIBRARIES = YES;
				BUNDLE_LOADER = "$(TEST_HOST)";
				CODE_SIGN_STYLE = Automatic;
				CURRENT_PROJECT_VERSION = 1;
				DEVELOPMENT_TEAM = KUVY9QWFWS;
				GENERATE_INFOPLIST_FILE = YES;
				IPHONEOS_DEPLOYMENT_TARGET = 15.5;
				MARKETING_VERSION = 1.0;
				PRODUCT_BUNDLE_IDENTIFIER = Education.HamiltonTaskTests;
				PRODUCT_NAME = "$(TARGET_NAME)";
				SWIFT_EMIT_LOC_STRINGS = NO;
				SWIFT_VERSION = 5.0;
				TARGETED_DEVICE_FAMILY = "1,2";
				TEST_HOST = "$(BUILT_PRODUCTS_DIR)/HamiltonTask.app/HamiltonTask";
			};
			name = Debug;
		};
		63F4495A28AC1E5A0093565E /* Release */ = {
			isa = XCBuildConfiguration;
			buildSettings = {
				ALWAYS_EMBED_SWIFT_STANDARD_LIBRARIES = YES;
				BUNDLE_LOADER = "$(TEST_HOST)";
				CODE_SIGN_STYLE = Automatic;
				CURRENT_PROJECT_VERSION = 1;
				DEVELOPMENT_TEAM = KUVY9QWFWS;
				GENERATE_INFOPLIST_FILE = YES;
				IPHONEOS_DEPLOYMENT_TARGET = 15.5;
				MARKETING_VERSION = 1.0;
				PRODUCT_BUNDLE_IDENTIFIER = Education.HamiltonTaskTests;
				PRODUCT_NAME = "$(TARGET_NAME)";
				SWIFT_EMIT_LOC_STRINGS = NO;
				SWIFT_VERSION = 5.0;
				TARGETED_DEVICE_FAMILY = "1,2";
				TEST_HOST = "$(BUILT_PRODUCTS_DIR)/HamiltonTask.app/HamiltonTask";
			};
			name = Release;
		};
		63F4495C28AC1E5A0093565E /* Debug */ = {
			isa = XCBuildConfiguration;
			buildSettings = {
				ALWAYS_EMBED_SWIFT_STANDARD_LIBRARIES = YES;
				CODE_SIGN_STYLE = Automatic;
				CURRENT_PROJECT_VERSION = 1;
				DEVELOPMENT_TEAM = KUVY9QWFWS;
				GENERATE_INFOPLIST_FILE = YES;
				MARKETING_VERSION = 1.0;
				PRODUCT_BUNDLE_IDENTIFIER = Education.HamiltonTaskUITests;
				PRODUCT_NAME = "$(TARGET_NAME)";
				SWIFT_EMIT_LOC_STRINGS = NO;
				SWIFT_VERSION = 5.0;
				TARGETED_DEVICE_FAMILY = "1,2";
				TEST_TARGET_NAME = HamiltonTask;
			};
			name = Debug;
		};
		63F4495D28AC1E5A0093565E /* Release */ = {
			isa = XCBuildConfiguration;
			buildSettings = {
				ALWAYS_EMBED_SWIFT_STANDARD_LIBRARIES = YES;
				CODE_SIGN_STYLE = Automatic;
				CURRENT_PROJECT_VERSION = 1;
				DEVELOPMENT_TEAM = KUVY9QWFWS;
				GENERATE_INFOPLIST_FILE = YES;
				MARKETING_VERSION = 1.0;
				PRODUCT_BUNDLE_IDENTIFIER = Education.HamiltonTaskUITests;
				PRODUCT_NAME = "$(TARGET_NAME)";
				SWIFT_EMIT_LOC_STRINGS = NO;
				SWIFT_VERSION = 5.0;
				TARGETED_DEVICE_FAMILY = "1,2";
				TEST_TARGET_NAME = HamiltonTask;
			};
			name = Release;
		};
/* End XCBuildConfiguration section */

/* Begin XCConfigurationList section */
		63F4492628AC1E570093565E /* Build configuration list for PBXProject "HamiltonTask" */ = {
			isa = XCConfigurationList;
			buildConfigurations = (
				63F4495328AC1E5A0093565E /* Debug */,
				63F4495428AC1E5A0093565E /* Release */,
			);
			defaultConfigurationIsVisible = 0;
			defaultConfigurationName = Release;
		};
		63F4495528AC1E5A0093565E /* Build configuration list for PBXNativeTarget "HamiltonTask" */ = {
			isa = XCConfigurationList;
			buildConfigurations = (
				63F4495628AC1E5A0093565E /* Debug */,
				63F4495728AC1E5A0093565E /* Release */,
			);
			defaultConfigurationIsVisible = 0;
			defaultConfigurationName = Release;
		};
		63F4495828AC1E5A0093565E /* Build configuration list for PBXNativeTarget "HamiltonTaskTests" */ = {
			isa = XCConfigurationList;
			buildConfigurations = (
				63F4495928AC1E5A0093565E /* Debug */,
				63F4495A28AC1E5A0093565E /* Release */,
			);
			defaultConfigurationIsVisible = 0;
			defaultConfigurationName = Release;
		};
		63F4495B28AC1E5A0093565E /* Build configuration list for PBXNativeTarget "HamiltonTaskUITests" */ = {
			isa = XCConfigurationList;
			buildConfigurations = (
				63F4495C28AC1E5A0093565E /* Debug */,
				63F4495D28AC1E5A0093565E /* Release */,
			);
			defaultConfigurationIsVisible = 0;
			defaultConfigurationName = Release;
		};
/* End XCConfigurationList section */
	};
	rootObject = 63F4492328AC1E570093565E /* Project object */;
}
